{
  "name": "mta-scheduler",
  "version": "1.0.0",
  "lockfileVersion": 1,
  "requires": true,
  "dependencies": {
    "vuetify": {
      "version": "2.5.5",
      "resolved": "https://registry.npmjs.org/vuetify/-/vuetify-2.5.5.tgz",
      "integrity": "sha512-WsW+WaueqjgCvx0rB3m/pd8MZiLJKBWGwLxMMGhoA7i1OBWCzNwAAVOjoaW1Fcz0Sbn5qHOUOYnz4Vqlu43AbA=="
    }
  }
}
